
Microsoft Visual Studio Solution File, Format Version 12.00
# Visual Studio Version 17
VisualStudioVersion = 17.1.32421.90
MinimumVisualStudioVersion = 10.0.40219.1
Project("{9A19103F-16F7-4668-BE54-9A1E7A4F7556}") = "ClaseFrontend", "ClaseFrontend\ClaseFrontend.csproj", "{EADE37CC-0022-46A5-95E1-3A665B2B0453}"
EndProject
Global
	GlobalSection(SolutionConfigurationPlatforms) = preSolution
		Debug|Any CPU = Debug|Any CPU
		Release|Any CPU = Release|Any CPU
	EndGlobalSection
	GlobalSection(ProjectConfigurationPlatforms) = postSolution
		{EADE37CC-0022-46A5-95E1-3A665B2B0453}.Debug|Any CPU.ActiveCfg = Debug|Any CPU
		{EADE37CC-0022-46A5-95E1-3A665B2B0453}.Debug|Any CPU.Build.0 = Debug|Any CPU
		{EADE37CC-0022-46A5-95E1-3A665B2B0453}.Release|Any CPU.ActiveCfg = Release|Any CPU
		{EADE37CC-0022-46A5-95E1-3A665B2B0453}.Release|Any CPU.Build.0 = Release|Any CPU
	EndGlobalSection
	GlobalSection(SolutionProperties) = preSolution
		HideSolutionNode = FALSE
	EndGlobalSection
	GlobalSection(ExtensibilityGlobals) = postSolution
		SolutionGuid = {8429FCC5-45EA-409B-8929-9AA27AD79438}
	EndGlobalSection
EndGlobal
